
Microsoft Visual Studio Solution File, Format Version 12.00
# Visual Studio Version 17
VisualStudioVersion = 17.4.33110.190
MinimumVisualStudioVersion = 10.0.40219.1
Project("{FAE04EC0-301F-11D3-BF4B-00C04F79EFBC}") = "FiorelloOneToMany", "FiorelloOneToMany\FiorelloOneToMany.csproj", "{64F5B313-724E-4D57-B304-D5FE072ABBCE}"
EndProject
Global
	GlobalSection(SolutionConfigurationPlatforms) = preSolution
		Debug|Any CPU = Debug|Any CPU
		Release|Any CPU = Release|Any CPU
	EndGlobalSection
	GlobalSection(ProjectConfigurationPlatforms) = postSolution
		{64F5B313-724E-4D57-B304-D5FE072ABBCE}.Debug|Any CPU.ActiveCfg = Debug|Any CPU
		{64F5B313-724E-4D57-B304-D5FE072ABBCE}.Debug|Any CPU.Build.0 = Debug|Any CPU
		{64F5B313-724E-4D57-B304-D5FE072ABBCE}.Release|Any CPU.ActiveCfg = Release|Any CPU
		{64F5B313-724E-4D57-B304-D5FE072ABBCE}.Release|Any CPU.Build.0 = Release|Any CPU
	EndGlobalSection
	GlobalSection(SolutionProperties) = preSolution
		HideSolutionNode = FALSE
	EndGlobalSection
	GlobalSection(ExtensibilityGlobals) = postSolution
		SolutionGuid = {53805C8C-F22D-4C5C-A8BD-FD4F833EFCD0}
	EndGlobalSection
EndGlobal
